
Microsoft Visual Studio Solution File, Format Version 12.00
# Visual Studio Version 17
VisualStudioVersion = 17.14.36518.9 d17.14
MinimumVisualStudioVersion = 10.0.40219.1
Project("{8BC9CEB8-8B4A-11D0-8D11-00A0C91BC942}") = "HW11_OOP", "HW11_OOP\HW11_OOP.vcxproj", "{A2053528-3275-4A63-90D8-247FA860AD87}"
EndProject
Global
	GlobalSection(SolutionConfigurationPlatforms) = preSolution
		Debug|x64 = Debug|x64
		Debug|x86 = Debug|x86
		Release|x64 = Release|x64
		Release|x86 = Release|x86
	EndGlobalSection
	GlobalSection(ProjectConfigurationPlatforms) = postSolution
		{A2053528-3275-4A63-90D8-247FA860AD87}.Debug|x64.ActiveCfg = Debug|x64
		{A2053528-3275-4A63-90D8-247FA860AD87}.Debug|x64.Build.0 = Debug|x64
		{A2053528-3275-4A63-90D8-247FA860AD87}.Debug|x86.ActiveCfg = Debug|Win32
		{A2053528-3275-4A63-90D8-247FA860AD87}.Debug|x86.Build.0 = Debug|Win32
		{A2053528-3275-4A63-90D8-247FA860AD87}.Release|x64.ActiveCfg = Release|x64
		{A2053528-3275-4A63-90D8-247FA860AD87}.Release|x64.Build.0 = Release|x64
		{A2053528-3275-4A63-90D8-247FA860AD87}.Release|x86.ActiveCfg = Release|Win32
		{A2053528-3275-4A63-90D8-247FA860AD87}.Release|x86.Build.0 = Release|Win32
	EndGlobalSection
	GlobalSection(SolutionProperties) = preSolution
		HideSolutionNode = FALSE
	EndGlobalSection
	GlobalSection(ExtensibilityGlobals) = postSolution
		SolutionGuid = {698C2BE6-E58E-4862-A4DD-1AA3B43C27C1}
	EndGlobalSection
EndGlobal
